
Microsoft Visual Studio Solution File, Format Version 12.00
# Visual Studio Version 17
VisualStudioVersion = 17.5.002.0
MinimumVisualStudioVersion = 10.0.40219.1
Project("{9A19103F-16F7-4668-BE54-9A1E7A4F7556}") = "AdvancedFeatures", "AdvancedFeatures.csproj", "{77854C8E-8DCA-426A-8970-D4DDDD3B95DC}"
EndProject
Global
	GlobalSection(SolutionConfigurationPlatforms) = preSolution
		Debug|Any CPU = Debug|Any CPU
		Release|Any CPU = Release|Any CPU
	EndGlobalSection
	GlobalSection(ProjectConfigurationPlatforms) = postSolution
		{77854C8E-8DCA-426A-8970-D4DDDD3B95DC}.Debug|Any CPU.ActiveCfg = Debug|Any CPU
		{77854C8E-8DCA-426A-8970-D4DDDD3B95DC}.Debug|Any CPU.Build.0 = Debug|Any CPU
		{77854C8E-8DCA-426A-8970-D4DDDD3B95DC}.Release|Any CPU.ActiveCfg = Release|Any CPU
		{77854C8E-8DCA-426A-8970-D4DDDD3B95DC}.Release|Any CPU.Build.0 = Release|Any CPU
	EndGlobalSection
	GlobalSection(SolutionProperties) = preSolution
		HideSolutionNode = FALSE
	EndGlobalSection
	GlobalSection(ExtensibilityGlobals) = postSolution
		SolutionGuid = {4932F957-530A-463B-BB08-7151FCDF0460}
	EndGlobalSection
EndGlobal
